
Microsoft Visual Studio Solution File, Format Version 12.00
# Visual Studio 15
VisualStudioVersion = 15.0.27004.2002
MinimumVisualStudioVersion = 10.0.40219.1
Project("{FAE04EC0-301F-11D3-BF4B-00C04F79EFBC}") = "ProjectEuler", "ProjectEuler\ProjectEuler.csproj", "{F984F054-DA8F-4407-B6B6-62C50BD9A284}"
EndProject
Global
	GlobalSection(SolutionConfigurationPlatforms) = preSolution
		Debug|Any CPU = Debug|Any CPU
		Release|Any CPU = Release|Any CPU
	EndGlobalSection
	GlobalSection(ProjectConfigurationPlatforms) = postSolution
		{F984F054-DA8F-4407-B6B6-62C50BD9A284}.Debug|Any CPU.ActiveCfg = Debug|Any CPU
		{F984F054-DA8F-4407-B6B6-62C50BD9A284}.Debug|Any CPU.Build.0 = Debug|Any CPU
		{F984F054-DA8F-4407-B6B6-62C50BD9A284}.Release|Any CPU.ActiveCfg = Release|Any CPU
		{F984F054-DA8F-4407-B6B6-62C50BD9A284}.Release|Any CPU.Build.0 = Release|Any CPU
	EndGlobalSection
	GlobalSection(SolutionProperties) = preSolution
		HideSolutionNode = FALSE
	EndGlobalSection
	GlobalSection(ExtensibilityGlobals) = postSolution
		SolutionGuid = {220D6F3D-1297-41E4-8BE0-25EAFB4F718A}
	EndGlobalSection
EndGlobal
